# This file is automatically @generated by Cargo.
# It is not intended for manual editing.
version = 4

[[package]]
name = "aor-202401"
version = "0.1.0"

[[package]]
name = "aor-202402"
version = "0.1.0"

[[package]]
name = "aor-202403"
version = "0.1.0"

[[package]]
name = "aor-202404"
version = "0.1.0"

[[package]]
name = "aor-202405"
version = "0.1.0"

[[package]]
name = "aor-202406"
version = "0.1.0"

[[package]]
name = "aor-202407"
version = "0.1.0"

[[package]]
name = "aor-202408"
version = "0.1.0"

[[package]]
name = "aor-202409"
version = "0.1.0"

[[package]]
name = "aor-202410"
version = "0.1.0"

[[package]]
name = "aor-202411"
version = "0.1.0"

[[package]]
name = "aor-202412"
version = "0.1.0"

[[package]]
name = "aor-202413"
version = "0.1.0"

[[package]]
name = "aor-202414"
version = "0.1.0"

[[package]]
name = "aor-202415"
version = "0.1.0"

[[package]]
name = "aor-202416"
version = "0.1.0"

[[package]]
name = "aor-202417"
version = "0.1.0"

[[package]]
name = "aor-202418"
version = "0.1.0"

[[package]]
name = "aor-202419"
version = "0.1.0"

[[package]]
name = "aor-202420"
version = "0.1.0"

[[package]]
name = "aor-202421"
version = "0.1.0"

[[package]]
name = "aor-202422"
version = "0.1.0"

[[package]]
name = "aor-202423"
version = "0.1.0"

[[package]]
name = "aor-202424"
version = "0.1.0"

[[package]]
name = "aor-202425"
version = "0.1.0"
